// !$*UTF8*$!
{
	archiveVersion = 1;
	classes = {
	};
	objectVersion = 46;
	objects = {

/* Begin PBXBuildFile section */
		9C297D4D301E6C10009E1202 /* WebKit_Updater.h in Headers */ = {isa = PBXBuildFile; fileRef = 9C297D4C301E6C10009E1202 /* WebKit_Updater.h */; };
		9C297D4F301E6C10009E1202 /* WebKit_Updater.m in Sources */ = {isa = PBXBuildFile; fileRef = 9C297D4E301E6C10009E1202 /* WebKit_Updater.m */; };
		9C297D51301E6C10009E1202 /* WebKit_Updater.tiff in Resources */ = {isa = PBXBuildFile; fileRef = 9C297D50301E6C10009E1202 /* WebKit_Updater.tiff */; };
		9C297D54301E6C10009E1202 /* WebKit_Updater.xib in Resources */ = {isa = PBXBuildFile; fileRef = 9C297D52301E6C10009E1202 /* WebKit_Updater.xib */; };
/* End PBXBuildFile section */

/* Begin PBXFileReference section */
		9C297D47301E6C10009E1202 /* WebKit Updater.prefPane */ = {isa = PBXFileReference; explicitFileType = wrapper.cfbundle; includeInIndex = 0; path = "WebKit Updater.prefPane"; sourceTree = BUILT_PRODUCTS_DIR; };
		9C297D4B301E6C10009E1202 /* Info.plist */ = {isa = PBXFileReference; lastKnownFileType = text.plist.xml; path = Info.plist; sourceTree = "<group>"; };
		9C297D4C301E6C10009E1202 /* WebKit_Updater.h */ = {isa = PBXFileReference; lastKnownFileType = sourcecode.c.h; path = WebKit_Updater.h; sourceTree = "<group>"; };
		9C297D4E301E6C10009E1202 /* WebKit_Updater.m */ = {isa = PBXFileReference; lastKnownFileType = sourcecode.c.objc; path = WebKit_Updater.m; sourceTree = "<group>"; };
		9C297D50301E6C10009E1202 /* WebKit_Updater.tiff */ = {isa = PBXFileReference; lastKnownFileType = image.tiff; path = WebKit_Updater.tiff; sourceTree = "<group>"; };
		9C297D53301E6C10009E1202 /* Base */ = {isa = PBXFileReference; lastKnownFileType = file.xib; name = Base; path = Base.lproj/WebKit_Updater.xib; sourceTree = "<group>"; };
/* End PBXFileReference section */

/* Begin PBXFrameworksBuildPhase section */
		9C297D43301E6C10009E1202 /* Frameworks */ = {
			isa = PBXFrameworksBuildPhase;
			buildActionMask = 2147483647;
			files = (
			);
			runOnlyForDeploymentPostprocessing = 0;
		};
/* End PBXFrameworksBuildPhase section */

/* Begin PBXGroup section */
		9C297D3D301E6C10009E1202 = {
			isa = PBXGroup;
			children = (
				9C297D49301E6C10009E1202 /* WebKit Updater */,
				9C297D48301E6C10009E1202 /* Products */,
			);
			sourceTree = "<group>";
		};
		9C297D48301E6C10009E1202 /* Products */ = {
			isa = PBXGroup;
			children = (
				9C297D47301E6C10009E1202 /* WebKit Updater.prefPane */,
			);
			name = Products;
			sourceTree = "<group>";
		};
		9C297D49301E6C10009E1202 /* WebKit Updater */ = {
			isa = PBXGroup;
			children = (
				9C297D4C301E6C10009E1202 /* WebKit_Updater.h */,
				9C297D4E301E6C10009E1202 /* WebKit_Updater.m */,
				9C297D50301E6C10009E1202 /* WebKit_Updater.tiff */,
				9C297D52301E6C10009E1202 /* WebKit_Updater.xib */,
				9C297D4A301E6C10009E1202 /* Supporting Files */,
			);
			path = "WebKit Updater";
			sourceTree = "<group>";
		};
		9C297D4A301E6C10009E1202 /* Supporting Files */ = {
			isa = PBXGroup;
			children = (
				9C297D4B301E6C10009E1202 /* Info.plist */,
			);
			name = "Supporting Files";
			sourceTree = "<group>";
		};
/* End PBXGroup section */

/* Begin PBXHeadersBuildPhase section */
		9C297D44301E6C10009E1202 /* Headers */ = {
			isa = PBXHeadersBuildPhase;
			buildActionMask = 2147483647;
			files = (
				9C297D4D301E6C10009E1202 /* WebKit_Updater.h in Headers */,
			);
			runOnlyForDeploymentPostprocessing = 0;
		};
/* End PBXHeadersBuildPhase section */

/* Begin PBXNativeTarget section */
		9C297D46301E6C10009E1202 /* WebKit Updater */ = {
			isa = PBXNativeTarget;
			buildConfigurationList = 9C297D57301E6C10009E1202 /* Build configuration list for PBXNativeTarget "WebKit Updater" */;
			buildPhases = (
				9C297D42301E6C10009E1202 /* Sources */,
				9C297D43301E6C10009E1202 /* Frameworks */,
				9C297D44301E6C10009E1202 /* Headers */,
				9C297D45301E6C10009E1202 /* Resources */,
			);
			buildRules = (
			);
			dependencies = (
			);
			name = "WebKit Updater";
			productName = "WebKit Updater";
			productReference = 9C297D47301E6C10009E1202 /* WebKit Updater.prefPane */;
			productType = "com.apple.product-type.bundle";
		};
/* End PBXNativeTarget section */

/* Begin PBXProject section */
		9C297D3E301E6C10009E1202 /* Project object */ = {
			isa = PBXProject;
			attributes = {
				LastUpgradeCheck = 0620;
				ORGANIZATIONNAME = "Rayan Mohammed Majdi";
				TargetAttributes = {
					9C297D46301E6C10009E1202 = {
						CreatedOnToolsVersion = 6.2;
					};
				};
			};
			buildConfigurationList = 9C297D41301E6C10009E1202 /* Build configuration list for PBXProject "WebKit Updater" */;
			compatibilityVersion = "Xcode 3.2";
			developmentRegion = English;
			hasScannedForEncodings = 0;
			knownRegions = (
				en,
				Base,
			);
			mainGroup = 9C297D3D301E6C10009E1202;
			productRefGroup = 9C297D48301E6C10009E1202 /* Products */;
			projectDirPath = "";
			projectRoot = "";
			targets = (
				9C297D46301E6C10009E1202 /* WebKit Updater */,
			);
		};
/* End PBXProject section */

/* Begin PBXResourcesBuildPhase section */
		9C297D45301E6C10009E1202 /* Resources */ = {
			isa = PBXResourcesBuildPhase;
			buildActionMask = 2147483647;
			files = (
				9C297D51301E6C10009E1202 /* WebKit_Updater.tiff in Resources */,
				9C297D54301E6C10009E1202 /* WebKit_Updater.xib in Resources */,
			);
			runOnlyForDeploymentPostprocessing = 0;
		};
/* End PBXResourcesBuildPhase section */

/* Begin PBXSourcesBuildPhase section */
		9C297D42301E6C10009E1202 /* Sources */ = {
			isa = PBXSourcesBuildPhase;
			buildActionMask = 2147483647;
			files = (
				9C297D4F301E6C10009E1202 /* WebKit_Updater.m in Sources */,
			);
			runOnlyForDeploymentPostprocessing = 0;
		};
/* End PBXSourcesBuildPhase section */

/* Begin PBXVariantGroup section */
		9C297D52301E6C10009E1202 /* WebKit_Updater.xib */ = {
			isa = PBXVariantGroup;
			children = (
				9C297D53301E6C10009E1202 /* Base */,
			);
			name = WebKit_Updater.xib;
			sourceTree = "<group>";
		};
/* End PBXVariantGroup section */

/* Begin XCBuildConfiguration section */
		9C297D55301E6C10009E1202 /* Debug */ = {
			isa = XCBuildConfiguration;
			buildSettings = {
				ALWAYS_SEARCH_USER_PATHS = NO;
				CLANG_CXX_LANGUAGE_STANDARD = "gnu++0x";
				CLANG_CXX_LIBRARY = "libc++";
				CLANG_ENABLE_MODULES = YES;
				CLANG_ENABLE_OBJC_ARC = YES;
				CLANG_WARN_BOOL_CONVERSION = YES;
				CLANG_WARN_CONSTANT_CONVERSION = YES;
				CLANG_WARN_DIRECT_OBJC_ISA_USAGE = YES_ERROR;
				CLANG_WARN_EMPTY_BODY = YES;
				CLANG_WARN_ENUM_CONVERSION = YES;
				CLANG_WARN_INT_CONVERSION = YES;
				CLANG_WARN_OBJC_ROOT_CLASS = YES_ERROR;
				CLANG_WARN_UNREACHABLE_CODE = YES;
				CLANG_WARN__DUPLICATE_METHOD_MATCH = YES;
				COPY_PHASE_STRIP = NO;
				ENABLE_STRICT_OBJC_MSGSEND = YES;
				GCC_C_LANGUAGE_STANDARD = gnu99;
				GCC_DYNAMIC_NO_PIC = NO;
				GCC_OPTIMIZATION_LEVEL = 0;
				GCC_PREPROCESSOR_DEFINITIONS = (
					"DEBUG=1",
					"$(inherited)",
				);
				GCC_SYMBOLS_PRIVATE_EXTERN = NO;
				GCC_WARN_64_TO_32_BIT_CONVERSION = YES;
				GCC_WARN_ABOUT_RETURN_TYPE = YES_ERROR;
				GCC_WARN_UNDECLARED_SELECTOR = YES;
				GCC_WARN_UNINITIALIZED_AUTOS = YES_AGGRESSIVE;
				GCC_WARN_UNUSED_FUNCTION = YES;
				GCC_WARN_UNUSED_VARIABLE = YES;
				MACOSX_DEPLOYMENT_TARGET = 10.9;
				MTL_ENABLE_DEBUG_INFO = YES;
				ONLY_ACTIVE_ARCH = YES;
				SDKROOT = macosx;
			};
			name = Debug;
		};
		9C297D56301E6C10009E1202 /* Release */ = {
			isa = XCBuildConfiguration;
			buildSettings = {
				ALWAYS_SEARCH_USER_PATHS = NO;
				CLANG_CXX_LANGUAGE_STANDARD = "gnu++0x";
				CLANG_CXX_LIBRARY = "libc++";
				CLANG_ENABLE_MODULES = YES;
				CLANG_ENABLE_OBJC_ARC = YES;
				CLANG_WARN_BOOL_CONVERSION = YES;
				CLANG_WARN_CONSTANT_CONVERSION = YES;
				CLANG_WARN_DIRECT_OBJC_ISA_USAGE = YES_ERROR;
				CLANG_WARN_EMPTY_BODY = YES;
				CLANG_WARN_ENUM_CONVERSION = YES;
				CLANG_WARN_INT_CONVERSION = YES;
				CLANG_WARN_OBJC_ROOT_CLASS = YES_ERROR;
				CLANG_WARN_UNREACHABLE_CODE = YES;
				CLANG_WARN__DUPLICATE_METHOD_MATCH = YES;
				COPY_PHASE_STRIP = NO;
				DEBUG_INFORMATION_FORMAT = "dwarf-with-dsym";
				ENABLE_NS_ASSERTIONS = NO;
				ENABLE_STRICT_OBJC_MSGSEND = YES;
				GCC_C_LANGUAGE_STANDARD = gnu99;
				GCC_WARN_64_TO_32_BIT_CONVERSION = YES;
				GCC_WARN_ABOUT_RETURN_TYPE = YES_ERROR;
				GCC_WARN_UNDECLARED_SELECTOR = YES;
				GCC_WARN_UNINITIALIZED_AUTOS = YES_AGGRESSIVE;
				GCC_WARN_UNUSED_FUNCTION = YES;
				GCC_WARN_UNUSED_VARIABLE = YES;
				MACOSX_DEPLOYMENT_TARGET = 10.9;
				MTL_ENABLE_DEBUG_INFO = NO;
				SDKROOT = macosx;
			};
			name = Release;
		};
		9C297D58301E6C10009E1202 /* Debug */ = {
			isa = XCBuildConfiguration;
			buildSettings = {
				COMBINE_HIDPI_IMAGES = YES;
				INFOPLIST_FILE = "WebKit Updater/Info.plist";
				INSTALL_PATH = "$(HOME)/Library/PreferencePanes";
				PRODUCT_NAME = "$(TARGET_NAME)";
				WRAPPER_EXTENSION = prefPane;
			};
			name = Debug;
		};
		9C297D59301E6C10009E1202 /* Release */ = {
			isa = XCBuildConfiguration;
			buildSettings = {
				COMBINE_HIDPI_IMAGES = YES;
				INFOPLIST_FILE = "WebKit Updater/Info.plist";
				INSTALL_PATH = "$(HOME)/Library/PreferencePanes";
				PRODUCT_NAME = "$(TARGET_NAME)";
				WRAPPER_EXTENSION = prefPane;
			};
			name = Release;
		};
/* End XCBuildConfiguration section */

/* Begin XCConfigurationList section */
		9C297D41301E6C10009E1202 /* Build configuration list for PBXProject "WebKit Updater" */ = {
			isa = XCConfigurationList;
			buildConfigurations = (
				9C297D55301E6C10009E1202 /* Debug */,
				9C297D56301E6C10009E1202 /* Release */,
			);
			defaultConfigurationIsVisible = 0;
			defaultConfigurationName = Release;
		};
		9C297D57301E6C10009E1202 /* Build configuration list for PBXNativeTarget "WebKit Updater" */ = {
			isa = XCConfigurationList;
			buildConfigurations = (
				9C297D58301E6C10009E1202 /* Debug */,
				9C297D59301E6C10009E1202 /* Release */,
			);
			defaultConfigurationIsVisible = 0;
		};
/* End XCConfigurationList section */
	};
	rootObject = 9C297D3E301E6C10009E1202 /* Project object */;
}
